{
  "lockfileVersion": 1,
  "workspaces": {
    "": {
      "name": "@espimarisa/hibiki",
      "dependencies": {
        "@discordeno/bot": "^21.0.0",
        "@discordeno/types": "^21.0.0",
        "@discordeno/utils": "^21.0.0",
        "@sentry/bun": "^9.9.0",
        "dd-cache-proxy": "^2.6.0",
        "i18next": "^24.2.3",
        "i18next-fs-backend": "^2.6.0",
        "zod": "^3.24.2",
      },
      "devDependencies": {
        "@biomejs/biome": "^1.9.4",
        "@types/bun": "^1.2.5",
        "typescript": "^5.8.2",
      },
    },
  },
  "trustedDependencies": [
    "@biomejs/biome",
  ],
  "packages": {
    "@babel/runtime": ["@babel/runtime@7.26.10", "", { "dependencies": { "regenerator-runtime": "^0.14.0" } }, "sha512-2WJMeRQPHKSPemqk/awGrAiuFfzBmOIPXKizAsVhWH9YJqLZ0H+HS4c8loHGgW6utJ3E/ejXQUsiGaQy2NZ9Fw=="],

    "@biomejs/biome": ["@biomejs/biome@1.9.4", "", { "optionalDependencies": { "@biomejs/cli-darwin-arm64": "1.9.4", "@biomejs/cli-darwin-x64": "1.9.4", "@biomejs/cli-linux-arm64": "1.9.4", "@biomejs/cli-linux-arm64-musl": "1.9.4", "@biomejs/cli-linux-x64": "1.9.4", "@biomejs/cli-linux-x64-musl": "1.9.4", "@biomejs/cli-win32-arm64": "1.9.4", "@biomejs/cli-win32-x64": "1.9.4" }, "bin": { "biome": "bin/biome" } }, "sha512-1rkd7G70+o9KkTn5KLmDYXihGoTaIGO9PIIN2ZB7UJxFrWw04CZHPYiMRjYsaDvVV7hP1dYNRLxSANLaBFGpog=="],

    "@biomejs/cli-darwin-arm64": ["@biomejs/cli-darwin-arm64@1.9.4", "", { "os": "darwin", "cpu": "arm64" }, "sha512-bFBsPWrNvkdKrNCYeAp+xo2HecOGPAy9WyNyB/jKnnedgzl4W4Hb9ZMzYNbf8dMCGmUdSavlYHiR01QaYR58cw=="],

    "@biomejs/cli-darwin-x64": ["@biomejs/cli-darwin-x64@1.9.4", "", { "os": "darwin", "cpu": "x64" }, "sha512-ngYBh/+bEedqkSevPVhLP4QfVPCpb+4BBe2p7Xs32dBgs7rh9nY2AIYUL6BgLw1JVXV8GlpKmb/hNiuIxfPfZg=="],

    "@biomejs/cli-linux-arm64": ["@biomejs/cli-linux-arm64@1.9.4", "", { "os": "linux", "cpu": "arm64" }, "sha512-fJIW0+LYujdjUgJJuwesP4EjIBl/N/TcOX3IvIHJQNsAqvV2CHIogsmA94BPG6jZATS4Hi+xv4SkBBQSt1N4/g=="],

    "@biomejs/cli-linux-arm64-musl": ["@biomejs/cli-linux-arm64-musl@1.9.4", "", { "os": "linux", "cpu": "arm64" }, "sha512-v665Ct9WCRjGa8+kTr0CzApU0+XXtRgwmzIf1SeKSGAv+2scAlW6JR5PMFo6FzqqZ64Po79cKODKf3/AAmECqA=="],

    "@biomejs/cli-linux-x64": ["@biomejs/cli-linux-x64@1.9.4", "", { "os": "linux", "cpu": "x64" }, "sha512-lRCJv/Vi3Vlwmbd6K+oQ0KhLHMAysN8lXoCI7XeHlxaajk06u7G+UsFSO01NAs5iYuWKmVZjmiOzJ0OJmGsMwg=="],

    "@biomejs/cli-linux-x64-musl": ["@biomejs/cli-linux-x64-musl@1.9.4", "", { "os": "linux", "cpu": "x64" }, "sha512-gEhi/jSBhZ2m6wjV530Yy8+fNqG8PAinM3oV7CyO+6c3CEh16Eizm21uHVsyVBEB6RIM8JHIl6AGYCv6Q6Q9Tg=="],

    "@biomejs/cli-win32-arm64": ["@biomejs/cli-win32-arm64@1.9.4", "", { "os": "win32", "cpu": "arm64" }, "sha512-tlbhLk+WXZmgwoIKwHIHEBZUwxml7bRJgk0X2sPyNR3S93cdRq6XulAZRQJ17FYGGzWne0fgrXBKpl7l4M87Hg=="],

    "@biomejs/cli-win32-x64": ["@biomejs/cli-win32-x64@1.9.4", "", { "os": "win32", "cpu": "x64" }, "sha512-8Y5wMhVIPaWe6jw2H+KlEm4wP/f7EW3810ZLmDlrEEy5KvBsb9ECEfu/kMWD484ijfQ8+nIi0giMgu9g1UAuuA=="],

    "@discordeno/bot": ["@discordeno/bot@21.0.0", "", { "dependencies": { "@discordeno/gateway": "21.0.0", "@discordeno/rest": "21.0.0", "@discordeno/types": "21.0.0", "@discordeno/utils": "21.0.0" } }, "sha512-x6EcVHBvWIhjY5/lcwgZzzCiqdpKFZqu2qUaZqKb7RYS8L8Q8zY40hCnbToVehLB8+BGcnHzxCeEvWWg8tnT/g=="],

    "@discordeno/gateway": ["@discordeno/gateway@21.0.0", "", { "dependencies": { "@discordeno/types": "21.0.0", "@discordeno/utils": "21.0.0", "ws": "^8.18.0" }, "optionalDependencies": { "fzstd": "^0.1.1" } }, "sha512-ur5Hatd1x86PPI4UnXKghAWat3vS90NvLJcpOSu1B1gYSENRZow8dohZ8Ov58SXWq5nZVuBYDJNCR248pWJvrg=="],

    "@discordeno/rest": ["@discordeno/rest@21.0.0", "", { "dependencies": { "@discordeno/types": "21.0.0", "@discordeno/utils": "21.0.0" } }, "sha512-ew5ddhUd7Qyv/GSzCy42bEmRv0yr2PspCMsLD/NeMiTLd3+OrVN5pAxBN9z+9JpS/daiiD/PVmvuUAVx/nXTEw=="],

    "@discordeno/types": ["@discordeno/types@21.0.0", "", {}, "sha512-TUZAEqqlXRNQji+NCaQo8DruzI8rXbBvMaZYsZvN9f03PrdSddzMOy3cjs4eeL6ZMVocmMVRIaVnB713blylCw=="],

    "@discordeno/utils": ["@discordeno/utils@21.0.0", "", { "dependencies": { "@discordeno/types": "21.0.0" } }, "sha512-I7I3Szlk+LkT/CRmJJiLPsjuBUjbuXUCvOzsgWCltkxDMIGmQeNoQtFK7t89V1Gcc4icsrnHVMho1BcaAITijg=="],

    "@opentelemetry/api": ["@opentelemetry/api@1.9.0", "", {}, "sha512-3giAOQvZiH5F9bMlMiv8+GSPMeqg0dbaeo58/0SlA9sxSqZhnUtxzX9/2FzyhS9sWQf5S0GJE0AKBrFqjpeYcg=="],

    "@opentelemetry/api-logs": ["@opentelemetry/api-logs@0.57.2", "", { "dependencies": { "@opentelemetry/api": "^1.3.0" } }, "sha512-uIX52NnTM0iBh84MShlpouI7UKqkZ7MrUszTmaypHBu4r7NofznSnQRfJ+uUeDtQDj6w8eFGg5KBLDAwAPz1+A=="],

    "@opentelemetry/context-async-hooks": ["@opentelemetry/context-async-hooks@1.30.1", "", { "peerDependencies": { "@opentelemetry/api": ">=1.0.0 <1.10.0" } }, "sha512-s5vvxXPVdjqS3kTLKMeBMvop9hbWkwzBpu+mUO2M7sZtlkyDJGwFe33wRKnbaYDo8ExRVBIIdwIGrqpxHuKttA=="],

    "@opentelemetry/core": ["@opentelemetry/core@1.30.1", "", { "dependencies": { "@opentelemetry/semantic-conventions": "1.28.0" }, "peerDependencies": { "@opentelemetry/api": ">=1.0.0 <1.10.0" } }, "sha512-OOCM2C/QIURhJMuKaekP3TRBxBKxG/TWWA0TL2J6nXUtDnuCtccy49LUJF8xPFXMX+0LMcxFpCo8M9cGY1W6rQ=="],

    "@opentelemetry/instrumentation": ["@opentelemetry/instrumentation@0.57.2", "", { "dependencies": { "@opentelemetry/api-logs": "0.57.2", "@types/shimmer": "^1.2.0", "import-in-the-middle": "^1.8.1", "require-in-the-middle": "^7.1.1", "semver": "^7.5.2", "shimmer": "^1.2.1" }, "peerDependencies": { "@opentelemetry/api": "^1.3.0" } }, "sha512-BdBGhQBh8IjZ2oIIX6F2/Q3LKm/FDDKi6ccYKcBTeilh6SNdNKveDOLk73BkSJjQLJk6qe4Yh+hHw1UPhCDdrg=="],

    "@opentelemetry/instrumentation-amqplib": ["@opentelemetry/instrumentation-amqplib@0.46.1", "", { "dependencies": { "@opentelemetry/core": "^1.8.0", "@opentelemetry/instrumentation": "^0.57.1", "@opentelemetry/semantic-conventions": "^1.27.0" }, "peerDependencies": { "@opentelemetry/api": "^1.3.0" } }, "sha512-AyXVnlCf/xV3K/rNumzKxZqsULyITJH6OVLiW6730JPRqWA7Zc9bvYoVNpN6iOpTU8CasH34SU/ksVJmObFibQ=="],

    "@opentelemetry/instrumentation-connect": ["@opentelemetry/instrumentation-connect@0.43.1", "", { "dependencies": { "@opentelemetry/core": "^1.8.0", "@opentelemetry/instrumentation": "^0.57.1", "@opentelemetry/semantic-conventions": "^1.27.0", "@types/connect": "3.4.38" }, "peerDependencies": { "@opentelemetry/api": "^1.3.0" } }, "sha512-ht7YGWQuV5BopMcw5Q2hXn3I8eG8TH0J/kc/GMcW4CuNTgiP6wCu44BOnucJWL3CmFWaRHI//vWyAhaC8BwePw=="],

    "@opentelemetry/instrumentation-dataloader": ["@opentelemetry/instrumentation-dataloader@0.16.1", "", { "dependencies": { "@opentelemetry/instrumentation": "^0.57.1" }, "peerDependencies": { "@opentelemetry/api": "^1.3.0" } }, "sha512-K/qU4CjnzOpNkkKO4DfCLSQshejRNAJtd4esgigo/50nxCB6XCyi1dhAblUHM9jG5dRm8eu0FB+t87nIo99LYQ=="],

    "@opentelemetry/instrumentation-express": ["@opentelemetry/instrumentation-express@0.47.1", "", { "dependencies": { "@opentelemetry/core": "^1.8.0", "@opentelemetry/instrumentation": "^0.57.1", "@opentelemetry/semantic-conventions": "^1.27.0" }, "peerDependencies": { "@opentelemetry/api": "^1.3.0" } }, "sha512-QNXPTWteDclR2B4pDFpz0TNghgB33UMjUt14B+BZPmtH1MwUFAfLHBaP5If0Z5NZC+jaH8oF2glgYjrmhZWmSw=="],

    "@opentelemetry/instrumentation-fastify": ["@opentelemetry/instrumentation-fastify@0.44.2", "", { "dependencies": { "@opentelemetry/core": "^1.8.0", "@opentelemetry/instrumentation": "^0.57.1", "@opentelemetry/semantic-conventions": "^1.27.0" }, "peerDependencies": { "@opentelemetry/api": "^1.3.0" } }, "sha512-arSp97Y4D2NWogoXRb8CzFK3W2ooVdvqRRtQDljFt9uC3zI6OuShgey6CVFC0JxT1iGjkAr1r4PDz23mWrFULQ=="],

    "@opentelemetry/instrumentation-fs": ["@opentelemetry/instrumentation-fs@0.19.1", "", { "dependencies": { "@opentelemetry/core": "^1.8.0", "@opentelemetry/instrumentation": "^0.57.1" }, "peerDependencies": { "@opentelemetry/api": "^1.3.0" } }, "sha512-6g0FhB3B9UobAR60BGTcXg4IHZ6aaYJzp0Ki5FhnxyAPt8Ns+9SSvgcrnsN2eGmk3RWG5vYycUGOEApycQL24A=="],

    "@opentelemetry/instrumentation-generic-pool": ["@opentelemetry/instrumentation-generic-pool@0.43.1", "", { "dependencies": { "@opentelemetry/instrumentation": "^0.57.1" }, "peerDependencies": { "@opentelemetry/api": "^1.3.0" } }, "sha512-M6qGYsp1cURtvVLGDrPPZemMFEbuMmCXgQYTReC/IbimV5sGrLBjB+/hANUpRZjX67nGLdKSVLZuQQAiNz+sww=="],

    "@opentelemetry/instrumentation-graphql": ["@opentelemetry/instrumentation-graphql@0.47.1", "", { "dependencies": { "@opentelemetry/instrumentation": "^0.57.1" }, "peerDependencies": { "@opentelemetry/api": "^1.3.0" } }, "sha512-EGQRWMGqwiuVma8ZLAZnExQ7sBvbOx0N/AE/nlafISPs8S+QtXX+Viy6dcQwVWwYHQPAcuY3bFt3xgoAwb4ZNQ=="],

    "@opentelemetry/instrumentation-hapi": ["@opentelemetry/instrumentation-hapi@0.45.2", "", { "dependencies": { "@opentelemetry/core": "^1.8.0", "@opentelemetry/instrumentation": "^0.57.1", "@opentelemetry/semantic-conventions": "^1.27.0" }, "peerDependencies": { "@opentelemetry/api": "^1.3.0" } }, "sha512-7Ehow/7Wp3aoyCrZwQpU7a2CnoMq0XhIcioFuKjBb0PLYfBfmTsFTUyatlHu0fRxhwcRsSQRTvEhmZu8CppBpQ=="],

    "@opentelemetry/instrumentation-http": ["@opentelemetry/instrumentation-http@0.57.2", "", { "dependencies": { "@opentelemetry/core": "1.30.1", "@opentelemetry/instrumentation": "0.57.2", "@opentelemetry/semantic-conventions": "1.28.0", "forwarded-parse": "2.1.2", "semver": "^7.5.2" }, "peerDependencies": { "@opentelemetry/api": "^1.3.0" } }, "sha512-1Uz5iJ9ZAlFOiPuwYg29Bf7bJJc/GeoeJIFKJYQf67nTVKFe8RHbEtxgkOmK4UGZNHKXcpW4P8cWBYzBn1USpg=="],

    "@opentelemetry/instrumentation-ioredis": ["@opentelemetry/instrumentation-ioredis@0.47.1", "", { "dependencies": { "@opentelemetry/instrumentation": "^0.57.1", "@opentelemetry/redis-common": "^0.36.2", "@opentelemetry/semantic-conventions": "^1.27.0" }, "peerDependencies": { "@opentelemetry/api": "^1.3.0" } }, "sha512-OtFGSN+kgk/aoKgdkKQnBsQFDiG8WdCxu+UrHr0bXScdAmtSzLSraLo7wFIb25RVHfRWvzI5kZomqJYEg/l1iA=="],

    "@opentelemetry/instrumentation-kafkajs": ["@opentelemetry/instrumentation-kafkajs@0.7.1", "", { "dependencies": { "@opentelemetry/instrumentation": "^0.57.1", "@opentelemetry/semantic-conventions": "^1.27.0" }, "peerDependencies": { "@opentelemetry/api": "^1.3.0" } }, "sha512-OtjaKs8H7oysfErajdYr1yuWSjMAectT7Dwr+axIoZqT9lmEOkD/H/3rgAs8h/NIuEi2imSXD+vL4MZtOuJfqQ=="],

    "@opentelemetry/instrumentation-knex": ["@opentelemetry/instrumentation-knex@0.44.1", "", { "dependencies": { "@opentelemetry/instrumentation": "^0.57.1", "@opentelemetry/semantic-conventions": "^1.27.0" }, "peerDependencies": { "@opentelemetry/api": "^1.3.0" } }, "sha512-U4dQxkNhvPexffjEmGwCq68FuftFK15JgUF05y/HlK3M6W/G2iEaACIfXdSnwVNe9Qh0sPfw8LbOPxrWzGWGMQ=="],

    "@opentelemetry/instrumentation-koa": ["@opentelemetry/instrumentation-koa@0.47.1", "", { "dependencies": { "@opentelemetry/core": "^1.8.0", "@opentelemetry/instrumentation": "^0.57.1", "@opentelemetry/semantic-conventions": "^1.27.0" }, "peerDependencies": { "@opentelemetry/api": "^1.3.0" } }, "sha512-l/c+Z9F86cOiPJUllUCt09v+kICKvT+Vg1vOAJHtHPsJIzurGayucfCMq2acd/A/yxeNWunl9d9eqZ0G+XiI6A=="],

    "@opentelemetry/instrumentation-lru-memoizer": ["@opentelemetry/instrumentation-lru-memoizer@0.44.1", "", { "dependencies": { "@opentelemetry/instrumentation": "^0.57.1" }, "peerDependencies": { "@opentelemetry/api": "^1.3.0" } }, "sha512-5MPkYCvG2yw7WONEjYj5lr5JFehTobW7wX+ZUFy81oF2lr9IPfZk9qO+FTaM0bGEiymwfLwKe6jE15nHn1nmHg=="],

    "@opentelemetry/instrumentation-mongodb": ["@opentelemetry/instrumentation-mongodb@0.52.0", "", { "dependencies": { "@opentelemetry/instrumentation": "^0.57.1", "@opentelemetry/semantic-conventions": "^1.27.0" }, "peerDependencies": { "@opentelemetry/api": "^1.3.0" } }, "sha512-1xmAqOtRUQGR7QfJFfGV/M2kC7wmI2WgZdpru8hJl3S0r4hW0n3OQpEHlSGXJAaNFyvT+ilnwkT+g5L4ljHR6g=="],

    "@opentelemetry/instrumentation-mongoose": ["@opentelemetry/instrumentation-mongoose@0.46.1", "", { "dependencies": { "@opentelemetry/core": "^1.8.0", "@opentelemetry/instrumentation": "^0.57.1", "@opentelemetry/semantic-conventions": "^1.27.0" }, "peerDependencies": { "@opentelemetry/api": "^1.3.0" } }, "sha512-3kINtW1LUTPkiXFRSSBmva1SXzS/72we/jL22N+BnF3DFcoewkdkHPYOIdAAk9gSicJ4d5Ojtt1/HeibEc5OQg=="],

    "@opentelemetry/instrumentation-mysql": ["@opentelemetry/instrumentation-mysql@0.45.1", "", { "dependencies": { "@opentelemetry/instrumentation": "^0.57.1", "@opentelemetry/semantic-conventions": "^1.27.0", "@types/mysql": "2.15.26" }, "peerDependencies": { "@opentelemetry/api": "^1.3.0" } }, "sha512-TKp4hQ8iKQsY7vnp/j0yJJ4ZsP109Ht6l4RHTj0lNEG1TfgTrIH5vJMbgmoYXWzNHAqBH2e7fncN12p3BP8LFg=="],

    "@opentelemetry/instrumentation-mysql2": ["@opentelemetry/instrumentation-mysql2@0.45.2", "", { "dependencies": { "@opentelemetry/instrumentation": "^0.57.1", "@opentelemetry/semantic-conventions": "^1.27.0", "@opentelemetry/sql-common": "^0.40.1" }, "peerDependencies": { "@opentelemetry/api": "^1.3.0" } }, "sha512-h6Ad60FjCYdJZ5DTz1Lk2VmQsShiViKe0G7sYikb0GHI0NVvApp2XQNRHNjEMz87roFttGPLHOYVPlfy+yVIhQ=="],

    "@opentelemetry/instrumentation-pg": ["@opentelemetry/instrumentation-pg@0.51.1", "", { "dependencies": { "@opentelemetry/core": "^1.26.0", "@opentelemetry/instrumentation": "^0.57.1", "@opentelemetry/semantic-conventions": "^1.27.0", "@opentelemetry/sql-common": "^0.40.1", "@types/pg": "8.6.1", "@types/pg-pool": "2.0.6" }, "peerDependencies": { "@opentelemetry/api": "^1.3.0" } }, "sha512-QxgjSrxyWZc7Vk+qGSfsejPVFL1AgAJdSBMYZdDUbwg730D09ub3PXScB9d04vIqPriZ+0dqzjmQx0yWKiCi2Q=="],

    "@opentelemetry/instrumentation-redis-4": ["@opentelemetry/instrumentation-redis-4@0.46.1", "", { "dependencies": { "@opentelemetry/instrumentation": "^0.57.1", "@opentelemetry/redis-common": "^0.36.2", "@opentelemetry/semantic-conventions": "^1.27.0" }, "peerDependencies": { "@opentelemetry/api": "^1.3.0" } }, "sha512-UMqleEoabYMsWoTkqyt9WAzXwZ4BlFZHO40wr3d5ZvtjKCHlD4YXLm+6OLCeIi/HkX7EXvQaz8gtAwkwwSEvcQ=="],

    "@opentelemetry/instrumentation-tedious": ["@opentelemetry/instrumentation-tedious@0.18.1", "", { "dependencies": { "@opentelemetry/instrumentation": "^0.57.1", "@opentelemetry/semantic-conventions": "^1.27.0", "@types/tedious": "^4.0.14" }, "peerDependencies": { "@opentelemetry/api": "^1.3.0" } }, "sha512-5Cuy/nj0HBaH+ZJ4leuD7RjgvA844aY2WW+B5uLcWtxGjRZl3MNLuxnNg5DYWZNPO+NafSSnra0q49KWAHsKBg=="],

    "@opentelemetry/instrumentation-undici": ["@opentelemetry/instrumentation-undici@0.10.1", "", { "dependencies": { "@opentelemetry/core": "^1.8.0", "@opentelemetry/instrumentation": "^0.57.1" }, "peerDependencies": { "@opentelemetry/api": "^1.7.0" } }, "sha512-rkOGikPEyRpMCmNu9AQuV5dtRlDmJp2dK5sw8roVshAGoB6hH/3QjDtRhdwd75SsJwgynWUNRUYe0wAkTo16tQ=="],

    "@opentelemetry/redis-common": ["@opentelemetry/redis-common@0.36.2", "", {}, "sha512-faYX1N0gpLhej/6nyp6bgRjzAKXn5GOEMYY7YhciSfCoITAktLUtQ36d24QEWNA1/WA1y6qQunCe0OhHRkVl9g=="],

    "@opentelemetry/resources": ["@opentelemetry/resources@1.30.1", "", { "dependencies": { "@opentelemetry/core": "1.30.1", "@opentelemetry/semantic-conventions": "1.28.0" }, "peerDependencies": { "@opentelemetry/api": ">=1.0.0 <1.10.0" } }, "sha512-5UxZqiAgLYGFjS4s9qm5mBVo433u+dSPUFWVWXmLAD4wB65oMCoXaJP1KJa9DIYYMeHu3z4BZcStG3LC593cWA=="],

    "@opentelemetry/sdk-trace-base": ["@opentelemetry/sdk-trace-base@1.30.1", "", { "dependencies": { "@opentelemetry/core": "1.30.1", "@opentelemetry/resources": "1.30.1", "@opentelemetry/semantic-conventions": "1.28.0" }, "peerDependencies": { "@opentelemetry/api": ">=1.0.0 <1.10.0" } }, "sha512-jVPgBbH1gCy2Lb7X0AVQ8XAfgg0pJ4nvl8/IiQA6nxOsPvS+0zMJaFSs2ltXe0J6C8dqjcnpyqINDJmU30+uOg=="],

    "@opentelemetry/semantic-conventions": ["@opentelemetry/semantic-conventions@1.30.0", "", {}, "sha512-4VlGgo32k2EQ2wcCY3vEU28A0O13aOtHz3Xt2/2U5FAh9EfhD6t6DqL5Z6yAnRCntbTFDU4YfbpyzSlHNWycPw=="],

    "@opentelemetry/sql-common": ["@opentelemetry/sql-common@0.40.1", "", { "dependencies": { "@opentelemetry/core": "^1.1.0" }, "peerDependencies": { "@opentelemetry/api": "^1.1.0" } }, "sha512-nSDlnHSqzC3pXn/wZEZVLuAuJ1MYMXPBwtv2qAbCa3847SaHItdE7SzUq/Jtb0KZmh1zfAbNi3AAMjztTT4Ugg=="],

    "@prisma/instrumentation": ["@prisma/instrumentation@6.5.0", "", { "dependencies": { "@opentelemetry/instrumentation": "^0.52.0 || ^0.53.0 || ^0.54.0 || ^0.55.0 || ^0.56.0 || ^0.57.0" }, "peerDependencies": { "@opentelemetry/api": "^1.8" } }, "sha512-morJDtFRoAp5d/KENEm+K6Y3PQcn5bCvpJ5a9y3V3DNMrNy/ZSn2zulPGj+ld+Xj2UYVoaMJ8DpBX/o6iF6OiA=="],

    "@sentry/bun": ["@sentry/bun@9.9.0", "", { "dependencies": { "@sentry/core": "9.9.0", "@sentry/node": "9.9.0", "@sentry/opentelemetry": "9.9.0" } }, "sha512-95uGLrMKob3vIhJNJN9a852lAEh9cir6a8u4/A+sVGzTffo3ZneJpZLbvANdazQ2+o7q9n+AQKYXE4L/v21ffg=="],

    "@sentry/core": ["@sentry/core@9.9.0", "", {}, "sha512-GxKvx8PSgoWhLLS+/WBGIXy7rsFcnJBPDqFXIfcAGy89k2j06d9IP0kiIc63qBGStSUkh5FFJLPTakZ5RXiFXA=="],

    "@sentry/node": ["@sentry/node@9.9.0", "", { "dependencies": { "@opentelemetry/api": "^1.9.0", "@opentelemetry/context-async-hooks": "^1.30.1", "@opentelemetry/core": "^1.30.1", "@opentelemetry/instrumentation": "^0.57.2", "@opentelemetry/instrumentation-amqplib": "^0.46.1", "@opentelemetry/instrumentation-connect": "0.43.1", "@opentelemetry/instrumentation-dataloader": "0.16.1", "@opentelemetry/instrumentation-express": "0.47.1", "@opentelemetry/instrumentation-fastify": "0.44.2", "@opentelemetry/instrumentation-fs": "0.19.1", "@opentelemetry/instrumentation-generic-pool": "0.43.1", "@opentelemetry/instrumentation-graphql": "0.47.1", "@opentelemetry/instrumentation-hapi": "0.45.2", "@opentelemetry/instrumentation-http": "0.57.2", "@opentelemetry/instrumentation-ioredis": "0.47.1", "@opentelemetry/instrumentation-kafkajs": "0.7.1", "@opentelemetry/instrumentation-knex": "0.44.1", "@opentelemetry/instrumentation-koa": "0.47.1", "@opentelemetry/instrumentation-lru-memoizer": "0.44.1", "@opentelemetry/instrumentation-mongodb": "0.52.0", "@opentelemetry/instrumentation-mongoose": "0.46.1", "@opentelemetry/instrumentation-mysql": "0.45.1", "@opentelemetry/instrumentation-mysql2": "0.45.2", "@opentelemetry/instrumentation-pg": "0.51.1", "@opentelemetry/instrumentation-redis-4": "0.46.1", "@opentelemetry/instrumentation-tedious": "0.18.1", "@opentelemetry/instrumentation-undici": "0.10.1", "@opentelemetry/resources": "^1.30.1", "@opentelemetry/sdk-trace-base": "^1.30.1", "@opentelemetry/semantic-conventions": "^1.30.0", "@prisma/instrumentation": "6.5.0", "@sentry/core": "9.9.0", "@sentry/opentelemetry": "9.9.0", "import-in-the-middle": "^1.13.0" } }, "sha512-6a+ctTAhqnfJ8VeeJU6d7IMRTO7ErGBS9zakyIAQqeMNmDXakAckIdi9MI9XNcY+fjv9eYFCanl9aMvwoDqo2g=="],

    "@sentry/opentelemetry": ["@sentry/opentelemetry@9.9.0", "", { "dependencies": { "@sentry/core": "9.9.0" }, "peerDependencies": { "@opentelemetry/api": "^1.9.0", "@opentelemetry/context-async-hooks": "^1.30.1", "@opentelemetry/core": "^1.30.1", "@opentelemetry/instrumentation": "^0.57.1", "@opentelemetry/sdk-trace-base": "^1.30.1", "@opentelemetry/semantic-conventions": "^1.28.0" } }, "sha512-NH2sa1Dno5OVq1XEWRf5KVGbl0eXpiNtPq2JVDZnqasLnO9w9RBNm0P7OlW1ejg3Q2reqi5idG1MkLAWaj2Zug=="],

    "@types/bun": ["@types/bun@1.2.6", "", { "dependencies": { "bun-types": "1.2.6" } }, "sha512-fY9CAmTdJH1Llx7rugB0FpgWK2RKuHCs3g2cFDYXUutIy1QGiPQxKkGY8owhfZ4MXWNfxwIbQLChgH5gDsY7vw=="],

    "@types/connect": ["@types/connect@3.4.38", "", { "dependencies": { "@types/node": "*" } }, "sha512-K6uROf1LD88uDQqJCktA4yzL1YYAK6NgfsI0v/mTgyPKWsX1CnJ0XPSDhViejru1GcRkLWb8RlzFYJRqGUbaug=="],

    "@types/mysql": ["@types/mysql@2.15.26", "", { "dependencies": { "@types/node": "*" } }, "sha512-DSLCOXhkvfS5WNNPbfn2KdICAmk8lLc+/PNvnPnF7gOdMZCxopXduqv0OQ13y/yA/zXTSikZZqVgybUxOEg6YQ=="],

    "@types/node": ["@types/node@22.13.10", "", { "dependencies": { "undici-types": "~6.20.0" } }, "sha512-I6LPUvlRH+O6VRUqYOcMudhaIdUVWfsjnZavnsraHvpBwaEyMN29ry+0UVJhImYL16xsscu0aske3yA+uPOWfw=="],

    "@types/pg": ["@types/pg@8.6.1", "", { "dependencies": { "@types/node": "*", "pg-protocol": "*", "pg-types": "^2.2.0" } }, "sha512-1Kc4oAGzAl7uqUStZCDvaLFqZrW9qWSjXOmBfdgyBP5La7Us6Mg4GBvRlSoaZMhQF/zSj1C8CtKMBkoiT8eL8w=="],

    "@types/pg-pool": ["@types/pg-pool@2.0.6", "", { "dependencies": { "@types/pg": "*" } }, "sha512-TaAUE5rq2VQYxab5Ts7WZhKNmuN78Q6PiFonTDdpbx8a1H0M1vhy3rhiMjl+e2iHmogyMw7jZF4FrE6eJUy5HQ=="],

    "@types/shimmer": ["@types/shimmer@1.2.0", "", {}, "sha512-UE7oxhQLLd9gub6JKIAhDq06T0F6FnztwMNRvYgjeQSBeMc1ZG/tA47EwfduvkuQS8apbkM/lpLpWsaCeYsXVg=="],

    "@types/tedious": ["@types/tedious@4.0.14", "", { "dependencies": { "@types/node": "*" } }, "sha512-KHPsfX/FoVbUGbyYvk1q9MMQHLPeRZhRJZdO45Q4YjvFkv4hMNghCWTvy7rdKessBsmtz4euWCWAB6/tVpI1Iw=="],

    "@types/ws": ["@types/ws@8.5.14", "", { "dependencies": { "@types/node": "*" } }, "sha512-bd/YFLW+URhBzMXurx7lWByOu+xzU9+kb3RboOteXYDfW+tr+JZa99OyNmPINEGB/ahzKrEuc8rcv4gnpJmxTw=="],

    "acorn": ["acorn@8.14.1", "", { "bin": { "acorn": "bin/acorn" } }, "sha512-OvQ/2pUDKmgfCg++xsTX1wGxfTaszcHVcTctW4UJB4hibJx2HXxxO5UmVgyjMa+ZDsiaf5wWLXYpRWMmBI0QHg=="],

    "acorn-import-attributes": ["acorn-import-attributes@1.9.5", "", { "peerDependencies": { "acorn": "^8" } }, "sha512-n02Vykv5uA3eHGM/Z2dQrcD56kL8TyDb2p1+0P83PClMnC/nc+anbQRhIOWnSq4Ke/KvDPrY3C9hDtC/A3eHnQ=="],

    "bun-types": ["bun-types@1.2.6", "", { "dependencies": { "@types/node": "*", "@types/ws": "~8.5.10" } }, "sha512-FbCKyr5KDiPULUzN/nm5oqQs9nXCHD8dVc64BArxJadCvbNzAI6lUWGh9fSJZWeDIRD38ikceBU8Kj/Uh+53oQ=="],

    "cjs-module-lexer": ["cjs-module-lexer@1.4.3", "", {}, "sha512-9z8TZaGM1pfswYeXrUpzPrkx8UnWYdhJclsiYMm6x/w5+nN+8Tf/LnAgfLGQCm59qAOxU8WwHEq2vNwF6i4j+Q=="],

    "dd-cache-proxy": ["dd-cache-proxy@2.6.0", "", { "peerDependencies": { "@discordeno/bot": "^21.0.0" } }, "sha512-YFrx1eelrqotBiJmDeIsCJuBiKqNYx26M/2m9Bk0G7v/GeTyV3DllY5CIPgyFZvQamu4g0MZ6gd9tca6rapKfQ=="],

    "debug": ["debug@4.4.0", "", { "dependencies": { "ms": "^2.1.3" } }, "sha512-6WTZ/IxCY/T6BALoZHaE4ctp9xm+Z5kY/pzYaCHRFeyVhojxlrm+46y68HA6hr0TcwEssoxNiDEUJQjfPZ/RYA=="],

    "forwarded-parse": ["forwarded-parse@2.1.2", "", {}, "sha512-alTFZZQDKMporBH77856pXgzhEzaUVmLCDk+egLgIgHst3Tpndzz8MnKe+GzRJRfvVdn69HhpW7cmXzvtLvJAw=="],

    "function-bind": ["function-bind@1.1.2", "", {}, "sha512-7XHNxH7qX9xG5mIwxkhumTox/MIRNcOgDrxWsMt2pAr23WHp6MrRlN7FBSFpCpr+oVO0F744iUgR82nJMfG2SA=="],

    "fzstd": ["fzstd@0.1.1", "", {}, "sha512-dkuVSOKKwh3eas5VkJy1AW1vFpet8TA/fGmVA5krThl8YcOVE/8ZIoEA1+U1vEn5ckxxhLirSdY837azmbaNHA=="],

    "hasown": ["hasown@2.0.2", "", { "dependencies": { "function-bind": "^1.1.2" } }, "sha512-0hJU9SCPvmMzIBdZFqNPXWa6dqh7WdH0cII9y+CyS8rG3nL48Bclra9HmKhVVUHyPWNH5Y7xDwAB7bfgSjkUMQ=="],

    "i18next": ["i18next@24.2.3", "", { "dependencies": { "@babel/runtime": "^7.26.10" }, "peerDependencies": { "typescript": "^5" }, "optionalPeers": ["typescript"] }, "sha512-lfbf80OzkocvX7nmZtu7nSTNbrTYR52sLWxPtlXX1zAhVw8WEnFk4puUkCR4B1dNQwbSpEHHHemcZu//7EcB7A=="],

    "i18next-fs-backend": ["i18next-fs-backend@2.6.0", "", {}, "sha512-3ZlhNoF9yxnM8pa8bWp5120/Ob6t4lVl1l/tbLmkml/ei3ud8IWySCHt2lrY5xWRlSU5D9IV2sm5bEbGuTqwTw=="],

    "import-in-the-middle": ["import-in-the-middle@1.13.1", "", { "dependencies": { "acorn": "^8.14.0", "acorn-import-attributes": "^1.9.5", "cjs-module-lexer": "^1.2.2", "module-details-from-path": "^1.0.3" } }, "sha512-k2V9wNm9B+ysuelDTHjI9d5KPc4l8zAZTGqj+pcynvWkypZd857ryzN8jNC7Pg2YZXNMJcHRPpaDyCBbNyVRpA=="],

    "is-core-module": ["is-core-module@2.16.1", "", { "dependencies": { "hasown": "^2.0.2" } }, "sha512-UfoeMA6fIJ8wTYFEUjelnaGI67v6+N7qXJEvQuIGa99l4xsCruSYOVSQ0uPANn4dAzm8lkYPaKLrrijLq7x23w=="],

    "module-details-from-path": ["module-details-from-path@1.0.3", "", {}, "sha512-ySViT69/76t8VhE1xXHK6Ch4NcDd26gx0MzKXLO+F7NOtnqH68d9zF94nT8ZWSxXh8ELOERsnJO/sWt1xZYw5A=="],

    "ms": ["ms@2.1.3", "", {}, "sha512-6FlzubTLZG3J2a/NVCAleEhjzq5oxgHyaCU9yYXvcLsvoVaHJq/s5xXI6/XXP6tz7R9xAOtHnSO/tXtF3WRTlA=="],

    "path-parse": ["path-parse@1.0.7", "", {}, "sha512-LDJzPVEEEPR+y48z93A0Ed0yXb8pAByGWo/k5YYdYgpY2/2EsOsksJrq7lOHxryrVOn1ejG6oAp8ahvOIQD8sw=="],

    "pg-int8": ["pg-int8@1.0.1", "", {}, "sha512-WCtabS6t3c8SkpDBUlb1kjOs7l66xsGdKpIPZsg4wR+B3+u9UAum2odSsF9tnvxg80h4ZxLWMy4pRjOsFIqQpw=="],

    "pg-protocol": ["pg-protocol@1.8.0", "", {}, "sha512-jvuYlEkL03NRvOoyoRktBK7+qU5kOvlAwvmrH8sr3wbLrOdVWsRxQfz8mMy9sZFsqJ1hEWNfdWKI4SAmoL+j7g=="],

    "pg-types": ["pg-types@2.2.0", "", { "dependencies": { "pg-int8": "1.0.1", "postgres-array": "~2.0.0", "postgres-bytea": "~1.0.0", "postgres-date": "~1.0.4", "postgres-interval": "^1.1.0" } }, "sha512-qTAAlrEsl8s4OiEQY69wDvcMIdQN6wdz5ojQiOy6YRMuynxenON0O5oCpJI6lshc6scgAY8qvJ2On/p+CXY0GA=="],

    "postgres-array": ["postgres-array@2.0.0", "", {}, "sha512-VpZrUqU5A69eQyW2c5CA1jtLecCsN2U/bD6VilrFDWq5+5UIEVO7nazS3TEcHf1zuPYO/sqGvUvW62g86RXZuA=="],

    "postgres-bytea": ["postgres-bytea@1.0.0", "", {}, "sha512-xy3pmLuQqRBZBXDULy7KbaitYqLcmxigw14Q5sj8QBVLqEwXfeybIKVWiqAXTlcvdvb0+xkOtDbfQMOf4lST1w=="],

    "postgres-date": ["postgres-date@1.0.7", "", {}, "sha512-suDmjLVQg78nMK2UZ454hAG+OAW+HQPZ6n++TNDUX+L0+uUlLywnoxJKDou51Zm+zTCjrCl0Nq6J9C5hP9vK/Q=="],

    "postgres-interval": ["postgres-interval@1.2.0", "", { "dependencies": { "xtend": "^4.0.0" } }, "sha512-9ZhXKM/rw350N1ovuWHbGxnGh/SNJ4cnxHiM0rxE4VN41wsg8P8zWn9hv/buK00RP4WvlOyr/RBDiptyxVbkZQ=="],

    "regenerator-runtime": ["regenerator-runtime@0.14.1", "", {}, "sha512-dYnhHh0nJoMfnkZs6GmmhFknAGRrLznOu5nc9ML+EJxGvrx6H7teuevqVqCuPcPK//3eDrrjQhehXVx9cnkGdw=="],

    "require-in-the-middle": ["require-in-the-middle@7.5.2", "", { "dependencies": { "debug": "^4.3.5", "module-details-from-path": "^1.0.3", "resolve": "^1.22.8" } }, "sha512-gAZ+kLqBdHarXB64XpAe2VCjB7rIRv+mU8tfRWziHRJ5umKsIHN2tLLv6EtMw7WCdP19S0ERVMldNvxYCHnhSQ=="],

    "resolve": ["resolve@1.22.10", "", { "dependencies": { "is-core-module": "^2.16.0", "path-parse": "^1.0.7", "supports-preserve-symlinks-flag": "^1.0.0" }, "bin": { "resolve": "bin/resolve" } }, "sha512-NPRy+/ncIMeDlTAsuqwKIiferiawhefFJtkNSW0qZJEqMEb+qBt/77B/jGeeek+F0uOeN05CDa6HXbbIgtVX4w=="],

    "semver": ["semver@7.7.1", "", { "bin": { "semver": "bin/semver.js" } }, "sha512-hlq8tAfn0m/61p4BVRcPzIGr6LKiMwo4VM6dGi6pt4qcRkmNzTcWq6eCEjEh+qXjkMDvPlOFFSGwQjoEa6gyMA=="],

    "shimmer": ["shimmer@1.2.1", "", {}, "sha512-sQTKC1Re/rM6XyFM6fIAGHRPVGvyXfgzIDvzoq608vM+jeyVD0Tu1E6Np0Kc2zAIFWIj963V2800iF/9LPieQw=="],

    "supports-preserve-symlinks-flag": ["supports-preserve-symlinks-flag@1.0.0", "", {}, "sha512-ot0WnXS9fgdkgIcePe6RHNk1WA8+muPa6cSjeR3V8K27q9BB1rTE3R1p7Hv0z1ZyAc8s6Vvv8DIyWf681MAt0w=="],

    "typescript": ["typescript@5.8.2", "", { "bin": { "tsc": "bin/tsc", "tsserver": "bin/tsserver" } }, "sha512-aJn6wq13/afZp/jT9QZmwEjDqqvSGp1VT5GVg+f/t6/oVyrgXM6BY1h9BRh/O5p3PlUPAe+WuiEZOmb/49RqoQ=="],

    "undici-types": ["undici-types@6.20.0", "", {}, "sha512-Ny6QZ2Nju20vw1SRHe3d9jVu6gJ+4e3+MMpqu7pqE5HT6WsTSlce++GQmK5UXS8mzV8DSYHrQH+Xrf2jVcuKNg=="],

    "ws": ["ws@8.18.1", "", { "peerDependencies": { "bufferutil": "^4.0.1", "utf-8-validate": ">=5.0.2" }, "optionalPeers": ["bufferutil", "utf-8-validate"] }, "sha512-RKW2aJZMXeMxVpnZ6bck+RswznaxmzdULiBr6KY7XkTnW8uvt0iT9H5DkHUChXrc+uurzwa0rVI16n/Xzjdz1w=="],

    "xtend": ["xtend@4.0.2", "", {}, "sha512-LKYU1iAXJXUgAXn9URjiu+MWhyUXHsvfp7mcuYm9dSUKK0/CjtrUwFAxD82/mCWbtLsGjFIad0wIsod4zrTAEQ=="],

    "zod": ["zod@3.24.2", "", {}, "sha512-lY7CDW43ECgW9u1TcT3IoXHflywfVqDYze4waEz812jR/bZ8FHDsl7pFQoSZTz5N+2NqRXs8GBwnAwo3ZNxqhQ=="],

    "@opentelemetry/core/@opentelemetry/semantic-conventions": ["@opentelemetry/semantic-conventions@1.28.0", "", {}, "sha512-lp4qAiMTD4sNWW4DbKLBkfiMZ4jbAboJIGOQr5DvciMRI494OapieI9qiODpOt0XBr1LjIDy1xAGAnVs5supTA=="],

    "@opentelemetry/instrumentation-http/@opentelemetry/semantic-conventions": ["@opentelemetry/semantic-conventions@1.28.0", "", {}, "sha512-lp4qAiMTD4sNWW4DbKLBkfiMZ4jbAboJIGOQr5DvciMRI494OapieI9qiODpOt0XBr1LjIDy1xAGAnVs5supTA=="],

    "@opentelemetry/resources/@opentelemetry/semantic-conventions": ["@opentelemetry/semantic-conventions@1.28.0", "", {}, "sha512-lp4qAiMTD4sNWW4DbKLBkfiMZ4jbAboJIGOQr5DvciMRI494OapieI9qiODpOt0XBr1LjIDy1xAGAnVs5supTA=="],

    "@opentelemetry/sdk-trace-base/@opentelemetry/semantic-conventions": ["@opentelemetry/semantic-conventions@1.28.0", "", {}, "sha512-lp4qAiMTD4sNWW4DbKLBkfiMZ4jbAboJIGOQr5DvciMRI494OapieI9qiODpOt0XBr1LjIDy1xAGAnVs5supTA=="],
  }
}
