{
  "lockfileVersion": 1,
  "workspaces": {
    "": {
      "name": "@espimarisa/hibiki",
      "dependencies": {
        "@discordeno/bot": "^21.0.0",
        "@discordeno/types": "^21.0.0",
        "@discordeno/utils": "^21.0.0",
        "dd-cache-proxy": "^2.6.0",
        "i18xs": "^1.5.4",
        "zod": "^3.24.2",
      },
      "devDependencies": {
        "@biomejs/biome": "^1.9.4",
        "bun-types": "^1.2.5",
        "typescript": "^5.8.2",
      },
    },
  },
  "trustedDependencies": [
    "@biomejs/biome",
  ],
  "packages": {
    "@biomejs/biome": ["@biomejs/biome@1.9.4", "", { "optionalDependencies": { "@biomejs/cli-darwin-arm64": "1.9.4", "@biomejs/cli-darwin-x64": "1.9.4", "@biomejs/cli-linux-arm64": "1.9.4", "@biomejs/cli-linux-arm64-musl": "1.9.4", "@biomejs/cli-linux-x64": "1.9.4", "@biomejs/cli-linux-x64-musl": "1.9.4", "@biomejs/cli-win32-arm64": "1.9.4", "@biomejs/cli-win32-x64": "1.9.4" }, "bin": { "biome": "bin/biome" } }, "sha512-1rkd7G70+o9KkTn5KLmDYXihGoTaIGO9PIIN2ZB7UJxFrWw04CZHPYiMRjYsaDvVV7hP1dYNRLxSANLaBFGpog=="],

    "@biomejs/cli-darwin-arm64": ["@biomejs/cli-darwin-arm64@1.9.4", "", { "os": "darwin", "cpu": "arm64" }, "sha512-bFBsPWrNvkdKrNCYeAp+xo2HecOGPAy9WyNyB/jKnnedgzl4W4Hb9ZMzYNbf8dMCGmUdSavlYHiR01QaYR58cw=="],

    "@biomejs/cli-darwin-x64": ["@biomejs/cli-darwin-x64@1.9.4", "", { "os": "darwin", "cpu": "x64" }, "sha512-ngYBh/+bEedqkSevPVhLP4QfVPCpb+4BBe2p7Xs32dBgs7rh9nY2AIYUL6BgLw1JVXV8GlpKmb/hNiuIxfPfZg=="],

    "@biomejs/cli-linux-arm64": ["@biomejs/cli-linux-arm64@1.9.4", "", { "os": "linux", "cpu": "arm64" }, "sha512-fJIW0+LYujdjUgJJuwesP4EjIBl/N/TcOX3IvIHJQNsAqvV2CHIogsmA94BPG6jZATS4Hi+xv4SkBBQSt1N4/g=="],

    "@biomejs/cli-linux-arm64-musl": ["@biomejs/cli-linux-arm64-musl@1.9.4", "", { "os": "linux", "cpu": "arm64" }, "sha512-v665Ct9WCRjGa8+kTr0CzApU0+XXtRgwmzIf1SeKSGAv+2scAlW6JR5PMFo6FzqqZ64Po79cKODKf3/AAmECqA=="],

    "@biomejs/cli-linux-x64": ["@biomejs/cli-linux-x64@1.9.4", "", { "os": "linux", "cpu": "x64" }, "sha512-lRCJv/Vi3Vlwmbd6K+oQ0KhLHMAysN8lXoCI7XeHlxaajk06u7G+UsFSO01NAs5iYuWKmVZjmiOzJ0OJmGsMwg=="],

    "@biomejs/cli-linux-x64-musl": ["@biomejs/cli-linux-x64-musl@1.9.4", "", { "os": "linux", "cpu": "x64" }, "sha512-gEhi/jSBhZ2m6wjV530Yy8+fNqG8PAinM3oV7CyO+6c3CEh16Eizm21uHVsyVBEB6RIM8JHIl6AGYCv6Q6Q9Tg=="],

    "@biomejs/cli-win32-arm64": ["@biomejs/cli-win32-arm64@1.9.4", "", { "os": "win32", "cpu": "arm64" }, "sha512-tlbhLk+WXZmgwoIKwHIHEBZUwxml7bRJgk0X2sPyNR3S93cdRq6XulAZRQJ17FYGGzWne0fgrXBKpl7l4M87Hg=="],

    "@biomejs/cli-win32-x64": ["@biomejs/cli-win32-x64@1.9.4", "", { "os": "win32", "cpu": "x64" }, "sha512-8Y5wMhVIPaWe6jw2H+KlEm4wP/f7EW3810ZLmDlrEEy5KvBsb9ECEfu/kMWD484ijfQ8+nIi0giMgu9g1UAuuA=="],

    "@discordeno/bot": ["@discordeno/bot@21.0.0", "", { "dependencies": { "@discordeno/gateway": "21.0.0", "@discordeno/rest": "21.0.0", "@discordeno/types": "21.0.0", "@discordeno/utils": "21.0.0" } }, "sha512-x6EcVHBvWIhjY5/lcwgZzzCiqdpKFZqu2qUaZqKb7RYS8L8Q8zY40hCnbToVehLB8+BGcnHzxCeEvWWg8tnT/g=="],

    "@discordeno/gateway": ["@discordeno/gateway@21.0.0", "", { "dependencies": { "@discordeno/types": "21.0.0", "@discordeno/utils": "21.0.0", "ws": "^8.18.0" }, "optionalDependencies": { "fzstd": "^0.1.1" } }, "sha512-ur5Hatd1x86PPI4UnXKghAWat3vS90NvLJcpOSu1B1gYSENRZow8dohZ8Ov58SXWq5nZVuBYDJNCR248pWJvrg=="],

    "@discordeno/rest": ["@discordeno/rest@21.0.0", "", { "dependencies": { "@discordeno/types": "21.0.0", "@discordeno/utils": "21.0.0" } }, "sha512-ew5ddhUd7Qyv/GSzCy42bEmRv0yr2PspCMsLD/NeMiTLd3+OrVN5pAxBN9z+9JpS/daiiD/PVmvuUAVx/nXTEw=="],

    "@discordeno/types": ["@discordeno/types@21.0.0", "", {}, "sha512-TUZAEqqlXRNQji+NCaQo8DruzI8rXbBvMaZYsZvN9f03PrdSddzMOy3cjs4eeL6ZMVocmMVRIaVnB713blylCw=="],

    "@discordeno/utils": ["@discordeno/utils@21.0.0", "", { "dependencies": { "@discordeno/types": "21.0.0" } }, "sha512-I7I3Szlk+LkT/CRmJJiLPsjuBUjbuXUCvOzsgWCltkxDMIGmQeNoQtFK7t89V1Gcc4icsrnHVMho1BcaAITijg=="],

    "@types/node": ["@types/node@22.13.10", "", { "dependencies": { "undici-types": "~6.20.0" } }, "sha512-I6LPUvlRH+O6VRUqYOcMudhaIdUVWfsjnZavnsraHvpBwaEyMN29ry+0UVJhImYL16xsscu0aske3yA+uPOWfw=="],

    "@types/ws": ["@types/ws@8.5.14", "", { "dependencies": { "@types/node": "*" } }, "sha512-bd/YFLW+URhBzMXurx7lWByOu+xzU9+kb3RboOteXYDfW+tr+JZa99OyNmPINEGB/ahzKrEuc8rcv4gnpJmxTw=="],

    "bun-types": ["bun-types@1.2.5", "", { "dependencies": { "@types/node": "*", "@types/ws": "~8.5.10" } }, "sha512-3oO6LVGGRRKI4kHINx5PIdIgnLRb7l/SprhzqXapmoYkFl5m4j6EvALvbDVuuBFaamB46Ap6HCUxIXNLCGy+tg=="],

    "dd-cache-proxy": ["dd-cache-proxy@2.6.0", "", { "peerDependencies": { "@discordeno/bot": "^21.0.0" } }, "sha512-YFrx1eelrqotBiJmDeIsCJuBiKqNYx26M/2m9Bk0G7v/GeTyV3DllY5CIPgyFZvQamu4g0MZ6gd9tca6rapKfQ=="],

    "fzstd": ["fzstd@0.1.1", "", {}, "sha512-dkuVSOKKwh3eas5VkJy1AW1vFpet8TA/fGmVA5krThl8YcOVE/8ZIoEA1+U1vEn5ckxxhLirSdY837azmbaNHA=="],

    "i18xs": ["i18xs@1.5.4", "", { "peerDependencies": { "typescript": "^5.0.0" } }, "sha512-fG9lLFMx27OBj+Y7RnfCnFl9dt/ApczKUwZJMEyiw1uOvaiRRmOovseTzHWwVG0GWu78MAIWvEYILSDWiMQt3g=="],

    "typescript": ["typescript@5.8.2", "", { "bin": { "tsc": "bin/tsc", "tsserver": "bin/tsserver" } }, "sha512-aJn6wq13/afZp/jT9QZmwEjDqqvSGp1VT5GVg+f/t6/oVyrgXM6BY1h9BRh/O5p3PlUPAe+WuiEZOmb/49RqoQ=="],

    "undici-types": ["undici-types@6.20.0", "", {}, "sha512-Ny6QZ2Nju20vw1SRHe3d9jVu6gJ+4e3+MMpqu7pqE5HT6WsTSlce++GQmK5UXS8mzV8DSYHrQH+Xrf2jVcuKNg=="],

    "ws": ["ws@8.18.1", "", { "peerDependencies": { "bufferutil": "^4.0.1", "utf-8-validate": ">=5.0.2" }, "optionalPeers": ["bufferutil", "utf-8-validate"] }, "sha512-RKW2aJZMXeMxVpnZ6bck+RswznaxmzdULiBr6KY7XkTnW8uvt0iT9H5DkHUChXrc+uurzwa0rVI16n/Xzjdz1w=="],

    "zod": ["zod@3.24.2", "", {}, "sha512-lY7CDW43ECgW9u1TcT3IoXHflywfVqDYze4waEz812jR/bZ8FHDsl7pFQoSZTz5N+2NqRXs8GBwnAwo3ZNxqhQ=="],
  }
}
